// !$*UTF8*$!
{
	archiveVersion = 1;
	classes = {
	};
	objectVersion = 55;
	objects = {

/* Begin PBXBuildFile section */
		5F2974B228FD397700AAB9DE /* OdaCloneApp.swift in Sources */ = {isa = PBXBuildFile; fileRef = 5F2974B128FD397700AAB9DE /* OdaCloneApp.swift */; };
		5F2974B428FD397700AAB9DE /* CartView.swift in Sources */ = {isa = PBXBuildFile; fileRef = 5F2974B328FD397700AAB9DE /* CartView.swift */; };
		5F2974B628FD397800AAB9DE /* Assets.xcassets in Resources */ = {isa = PBXBuildFile; fileRef = 5F2974B528FD397800AAB9DE /* Assets.xcassets */; };
		5F2974B928FD397800AAB9DE /* Preview Assets.xcassets in Resources */ = {isa = PBXBuildFile; fileRef = 5F2974B828FD397800AAB9DE /* Preview Assets.xcassets */; };
		5F2974C428FD461C00AAB9DE /* ItemData.swift in Sources */ = {isa = PBXBuildFile; fileRef = 5F2974C328FD461C00AAB9DE /* ItemData.swift */; };
		5F2974C828FD4BC700AAB9DE /* CartViewModel.swift in Sources */ = {isa = PBXBuildFile; fileRef = 5F2974C728FD4BC700AAB9DE /* CartViewModel.swift */; };
		5F2974CA28FD4C3F00AAB9DE /* DataService.swift in Sources */ = {isa = PBXBuildFile; fileRef = 5F2974C928FD4C3F00AAB9DE /* DataService.swift */; };
		5F2974D028FDAE1200AAB9DE /* GroceryCardView.swift in Sources */ = {isa = PBXBuildFile; fileRef = 5F2974CF28FDAE1200AAB9DE /* GroceryCardView.swift */; };
		5F2974D228FDB15100AAB9DE /* ImageLoader.swift in Sources */ = {isa = PBXBuildFile; fileRef = 5F2974D128FDB15100AAB9DE /* ImageLoader.swift */; };
		5F2974D428FEBCC600AAB9DE /* LoaderView.swift in Sources */ = {isa = PBXBuildFile; fileRef = 5F2974D328FEBCC600AAB9DE /* LoaderView.swift */; };
		5F2974D628FEBECF00AAB9DE /* SplashScreenView.swift in Sources */ = {isa = PBXBuildFile; fileRef = 5F2974D528FEBECF00AAB9DE /* SplashScreenView.swift */; };
		5F2974F228FED95D00AAB9DE /* AddRemoveItemView.swift in Sources */ = {isa = PBXBuildFile; fileRef = 5F2974F128FED95D00AAB9DE /* AddRemoveItemView.swift */; };
/* End PBXBuildFile section */

/* Begin PBXFileReference section */
		5F2974AE28FD397700AAB9DE /* OdaClone.app */ = {isa = PBXFileReference; explicitFileType = wrapper.application; includeInIndex = 0; path = OdaClone.app; sourceTree = BUILT_PRODUCTS_DIR; };
		5F2974B128FD397700AAB9DE /* OdaCloneApp.swift */ = {isa = PBXFileReference; lastKnownFileType = sourcecode.swift; path = OdaCloneApp.swift; sourceTree = "<group>"; };
		5F2974B328FD397700AAB9DE /* CartView.swift */ = {isa = PBXFileReference; lastKnownFileType = sourcecode.swift; path = CartView.swift; sourceTree = "<group>"; };
		5F2974B528FD397800AAB9DE /* Assets.xcassets */ = {isa = PBXFileReference; lastKnownFileType = folder.assetcatalog; path = Assets.xcassets; sourceTree = "<group>"; };
		5F2974B828FD397800AAB9DE /* Preview Assets.xcassets */ = {isa = PBXFileReference; lastKnownFileType = folder.assetcatalog; path = "Preview Assets.xcassets"; sourceTree = "<group>"; };
		5F2974C328FD461C00AAB9DE /* ItemData.swift */ = {isa = PBXFileReference; lastKnownFileType = sourcecode.swift; path = ItemData.swift; sourceTree = "<group>"; };
		5F2974C728FD4BC700AAB9DE /* CartViewModel.swift */ = {isa = PBXFileReference; lastKnownFileType = sourcecode.swift; path = CartViewModel.swift; sourceTree = "<group>"; };
		5F2974C928FD4C3F00AAB9DE /* DataService.swift */ = {isa = PBXFileReference; lastKnownFileType = sourcecode.swift; path = DataService.swift; sourceTree = "<group>"; };
		5F2974CF28FDAE1200AAB9DE /* GroceryCardView.swift */ = {isa = PBXFileReference; lastKnownFileType = sourcecode.swift; path = GroceryCardView.swift; sourceTree = "<group>"; };
		5F2974D128FDB15100AAB9DE /* ImageLoader.swift */ = {isa = PBXFileReference; lastKnownFileType = sourcecode.swift; path = ImageLoader.swift; sourceTree = "<group>"; };
		5F2974D328FEBCC600AAB9DE /* LoaderView.swift */ = {isa = PBXFileReference; lastKnownFileType = sourcecode.swift; path = LoaderView.swift; sourceTree = "<group>"; };
		5F2974D528FEBECF00AAB9DE /* SplashScreenView.swift */ = {isa = PBXFileReference; lastKnownFileType = sourcecode.swift; path = SplashScreenView.swift; sourceTree = "<group>"; };
		5F2974F128FED95D00AAB9DE /* AddRemoveItemView.swift */ = {isa = PBXFileReference; lastKnownFileType = sourcecode.swift; path = AddRemoveItemView.swift; sourceTree = "<group>"; };
/* End PBXFileReference section */

/* Begin PBXFrameworksBuildPhase section */
		5F2974AB28FD397700AAB9DE /* Frameworks */ = {
			isa = PBXFrameworksBuildPhase;
			buildActionMask = 2147483647;
			files = (
			);
			runOnlyForDeploymentPostprocessing = 0;
		};
/* End PBXFrameworksBuildPhase section */

/* Begin PBXGroup section */
		5F2974A528FD397600AAB9DE = {
			isa = PBXGroup;
			children = (
				5F2974B028FD397700AAB9DE /* OdaClone */,
				5F2974AF28FD397700AAB9DE /* Products */,
			);
			sourceTree = "<group>";
		};
		5F2974AF28FD397700AAB9DE /* Products */ = {
			isa = PBXGroup;
			children = (
				5F2974AE28FD397700AAB9DE /* OdaClone.app */,
			);
			name = Products;
			sourceTree = "<group>";
		};
		5F2974B028FD397700AAB9DE /* OdaClone */ = {
			isa = PBXGroup;
			children = (
				5F2974C128FD41E600AAB9DE /* Model */,
				5F2974BF28FD41D500AAB9DE /* View */,
				5F2974C028FD41DE00AAB9DE /* ViewModel */,
				5F2974C228FD41F000AAB9DE /* DataService */,
				5F2974B528FD397800AAB9DE /* Assets.xcassets */,
				5F2974B128FD397700AAB9DE /* OdaCloneApp.swift */,
				5F2974B728FD397800AAB9DE /* Preview Content */,
			);
			path = OdaClone;
			sourceTree = "<group>";
		};
		5F2974B728FD397800AAB9DE /* Preview Content */ = {
			isa = PBXGroup;
			children = (
				5F2974B828FD397800AAB9DE /* Preview Assets.xcassets */,
			);
			path = "Preview Content";
			sourceTree = "<group>";
		};
		5F2974BF28FD41D500AAB9DE /* View */ = {
			isa = PBXGroup;
			children = (
				5F2974B328FD397700AAB9DE /* CartView.swift */,
				5F2974CF28FDAE1200AAB9DE /* GroceryCardView.swift */,
				5F2974D328FEBCC600AAB9DE /* LoaderView.swift */,
				5F2974D528FEBECF00AAB9DE /* SplashScreenView.swift */,
				5F2974F128FED95D00AAB9DE /* AddRemoveItemView.swift */,
			);
			path = View;
			sourceTree = "<group>";
		};
		5F2974C028FD41DE00AAB9DE /* ViewModel */ = {
			isa = PBXGroup;
			children = (
				5F2974C728FD4BC700AAB9DE /* CartViewModel.swift */,
			);
			path = ViewModel;
			sourceTree = "<group>";
		};
		5F2974C128FD41E600AAB9DE /* Model */ = {
			isa = PBXGroup;
			children = (
				5F2974C328FD461C00AAB9DE /* ItemData.swift */,
			);
			path = Model;
			sourceTree = "<group>";
		};
		5F2974C228FD41F000AAB9DE /* DataService */ = {
			isa = PBXGroup;
			children = (
				5F2974C928FD4C3F00AAB9DE /* DataService.swift */,
				5F2974D128FDB15100AAB9DE /* ImageLoader.swift */,
			);
			path = DataService;
			sourceTree = "<group>";
		};
/* End PBXGroup section */

/* Begin PBXNativeTarget section */
		5F2974AD28FD397700AAB9DE /* OdaClone */ = {
			isa = PBXNativeTarget;
			buildConfigurationList = 5F2974BC28FD397800AAB9DE /* Build configuration list for PBXNativeTarget "OdaClone" */;
			buildPhases = (
				5F2974AA28FD397700AAB9DE /* Sources */,
				5F2974AB28FD397700AAB9DE /* Frameworks */,
				5F2974AC28FD397700AAB9DE /* Resources */,
			);
			buildRules = (
			);
			dependencies = (
			);
			name = OdaClone;
			productName = OdaClone;
			productReference = 5F2974AE28FD397700AAB9DE /* OdaClone.app */;
			productType = "com.apple.product-type.application";
		};
/* End PBXNativeTarget section */

/* Begin PBXProject section */
		5F2974A628FD397600AAB9DE /* Project object */ = {
			isa = PBXProject;
			attributes = {
				BuildIndependentTargetsInParallel = 1;
				LastSwiftUpdateCheck = 1340;
				LastUpgradeCheck = 1340;
				TargetAttributes = {
					5F2974AD28FD397700AAB9DE = {
						CreatedOnToolsVersion = 13.4.1;
					};
				};
			};
			buildConfigurationList = 5F2974A928FD397600AAB9DE /* Build configuration list for PBXProject "OdaClone" */;
			compatibilityVersion = "Xcode 13.0";
			developmentRegion = en;
			hasScannedForEncodings = 0;
			knownRegions = (
				en,
				Base,
			);
			mainGroup = 5F2974A528FD397600AAB9DE;
			productRefGroup = 5F2974AF28FD397700AAB9DE /* Products */;
			projectDirPath = "";
			projectRoot = "";
			targets = (
				5F2974AD28FD397700AAB9DE /* OdaClone */,
			);
		};
/* End PBXProject section */

/* Begin PBXResourcesBuildPhase section */
		5F2974AC28FD397700AAB9DE /* Resources */ = {
			isa = PBXResourcesBuildPhase;
			buildActionMask = 2147483647;
			files = (
				5F2974B928FD397800AAB9DE /* Preview Assets.xcassets in Resources */,
				5F2974B628FD397800AAB9DE /* Assets.xcassets in Resources */,
			);
			runOnlyForDeploymentPostprocessing = 0;
		};
/* End PBXResourcesBuildPhase section */

/* Begin PBXSourcesBuildPhase section */
		5F2974AA28FD397700AAB9DE /* Sources */ = {
			isa = PBXSourcesBuildPhase;
			buildActionMask = 2147483647;
			files = (
				5F2974C428FD461C00AAB9DE /* ItemData.swift in Sources */,
				5F2974C828FD4BC700AAB9DE /* CartViewModel.swift in Sources */,
				5F2974D028FDAE1200AAB9DE /* GroceryCardView.swift in Sources */,
				5F2974B428FD397700AAB9DE /* CartView.swift in Sources */,
				5F2974B228FD397700AAB9DE /* OdaCloneApp.swift in Sources */,
				5F2974D228FDB15100AAB9DE /* ImageLoader.swift in Sources */,
				5F2974D628FEBECF00AAB9DE /* SplashScreenView.swift in Sources */,
				5F2974CA28FD4C3F00AAB9DE /* DataService.swift in Sources */,
				5F2974F228FED95D00AAB9DE /* AddRemoveItemView.swift in Sources */,
				5F2974D428FEBCC600AAB9DE /* LoaderView.swift in Sources */,
			);
			runOnlyForDeploymentPostprocessing = 0;
		};
/* End PBXSourcesBuildPhase section */

/* Begin XCBuildConfiguration section */
		5F2974BA28FD397800AAB9DE /* Debug */ = {
			isa = XCBuildConfiguration;
			buildSettings = {
				ALWAYS_SEARCH_USER_PATHS = NO;
				CLANG_ANALYZER_NONNULL = YES;
				CLANG_ANALYZER_NUMBER_OBJECT_CONVERSION = YES_AGGRESSIVE;
				CLANG_CXX_LANGUAGE_STANDARD = "gnu++17";
				CLANG_ENABLE_MODULES = YES;
				CLANG_ENABLE_OBJC_ARC = YES;
				CLANG_ENABLE_OBJC_WEAK = YES;
				CLANG_WARN_BLOCK_CAPTURE_AUTORELEASING = YES;
				CLANG_WARN_BOOL_CONVERSION = YES;
				CLANG_WARN_COMMA = YES;
				CLANG_WARN_CONSTANT_CONVERSION = YES;
				CLANG_WARN_DEPRECATED_OBJC_IMPLEMENTATIONS = YES;
				CLANG_WARN_DIRECT_OBJC_ISA_USAGE = YES_ERROR;
				CLANG_WARN_DOCUMENTATION_COMMENTS = YES;
				CLANG_WARN_EMPTY_BODY = YES;
				CLANG_WARN_ENUM_CONVERSION = YES;
				CLANG_WARN_INFINITE_RECURSION = YES;
				CLANG_WARN_INT_CONVERSION = YES;
				CLANG_WARN_NON_LITERAL_NULL_CONVERSION = YES;
				CLANG_WARN_OBJC_IMPLICIT_RETAIN_SELF = YES;
				CLANG_WARN_OBJC_LITERAL_CONVERSION = YES;
				CLANG_WARN_OBJC_ROOT_CLASS = YES_ERROR;
				CLANG_WARN_QUOTED_INCLUDE_IN_FRAMEWORK_HEADER = YES;
				CLANG_WARN_RANGE_LOOP_ANALYSIS = YES;
				CLANG_WARN_STRICT_PROTOTYPES = YES;
				CLANG_WARN_SUSPICIOUS_MOVE = YES;
				CLANG_WARN_UNGUARDED_AVAILABILITY = YES_AGGRESSIVE;
				CLANG_WARN_UNREACHABLE_CODE = YES;
				CLANG_WARN__DUPLICATE_METHOD_MATCH = YES;
				COPY_PHASE_STRIP = NO;
				DEBUG_INFORMATION_FORMAT = dwarf;
				ENABLE_STRICT_OBJC_MSGSEND = YES;
				ENABLE_TESTABILITY = YES;
				GCC_C_LANGUAGE_STANDARD = gnu11;
				GCC_DYNAMIC_NO_PIC = NO;
				GCC_NO_COMMON_BLOCKS = YES;
				GCC_OPTIMIZATION_LEVEL = 0;
				GCC_PREPROCESSOR_DEFINITIONS = (
					"DEBUG=1",
					"$(inherited)",
				);
				GCC_WARN_64_TO_32_BIT_CONVERSION = YES;
				GCC_WARN_ABOUT_RETURN_TYPE = YES_ERROR;
				GCC_WARN_UNDECLARED_SELECTOR = YES;
				GCC_WARN_UNINITIALIZED_AUTOS = YES_AGGRESSIVE;
				GCC_WARN_UNUSED_FUNCTION = YES;
				GCC_WARN_UNUSED_VARIABLE = YES;
				IPHONEOS_DEPLOYMENT_TARGET = 15.5;
				MTL_ENABLE_DEBUG_INFO = INCLUDE_SOURCE;
				MTL_FAST_MATH = YES;
				ONLY_ACTIVE_ARCH = YES;
				SDKROOT = iphoneos;
				SWIFT_ACTIVE_COMPILATION_CONDITIONS = DEBUG;
				SWIFT_OPTIMIZATION_LEVEL = "-Onone";
			};
			name = Debug;
		};
		5F2974BB28FD397800AAB9DE /* Release */ = {
			isa = XCBuildConfiguration;
			buildSettings = {
				ALWAYS_SEARCH_USER_PATHS = NO;
				CLANG_ANALYZER_NONNULL = YES;
				CLANG_ANALYZER_NUMBER_OBJECT_CONVERSION = YES_AGGRESSIVE;
				CLANG_CXX_LANGUAGE_STANDARD = "gnu++17";
				CLANG_ENABLE_MODULES = YES;
				CLANG_ENABLE_OBJC_ARC = YES;
				CLANG_ENABLE_OBJC_WEAK = YES;
				CLANG_WARN_BLOCK_CAPTURE_AUTORELEASING = YES;
				CLANG_WARN_BOOL_CONVERSION = YES;
				CLANG_WARN_COMMA = YES;
				CLANG_WARN_CONSTANT_CONVERSION = YES;
				CLANG_WARN_DEPRECATED_OBJC_IMPLEMENTATIONS = YES;
				CLANG_WARN_DIRECT_OBJC_ISA_USAGE = YES_ERROR;
				CLANG_WARN_DOCUMENTATION_COMMENTS = YES;
				CLANG_WARN_EMPTY_BODY = YES;
				CLANG_WARN_ENUM_CONVERSION = YES;
				CLANG_WARN_INFINITE_RECURSION = YES;
				CLANG_WARN_INT_CONVERSION = YES;
				CLANG_WARN_NON_LITERAL_NULL_CONVERSION = YES;
				CLANG_WARN_OBJC_IMPLICIT_RETAIN_SELF = YES;
				CLANG_WARN_OBJC_LITERAL_CONVERSION = YES;
				CLANG_WARN_OBJC_ROOT_CLASS = YES_ERROR;
				CLANG_WARN_QUOTED_INCLUDE_IN_FRAMEWORK_HEADER = YES;
				CLANG_WARN_RANGE_LOOP_ANALYSIS = YES;
				CLANG_WARN_STRICT_PROTOTYPES = YES;
				CLANG_WARN_SUSPICIOUS_MOVE = YES;
				CLANG_WARN_UNGUARDED_AVAILABILITY = YES_AGGRESSIVE;
				CLANG_WARN_UNREACHABLE_CODE = YES;
				CLANG_WARN__DUPLICATE_METHOD_MATCH = YES;
				COPY_PHASE_STRIP = NO;
				DEBUG_INFORMATION_FORMAT = "dwarf-with-dsym";
				ENABLE_NS_ASSERTIONS = NO;
				ENABLE_STRICT_OBJC_MSGSEND = YES;
				GCC_C_LANGUAGE_STANDARD = gnu11;
				GCC_NO_COMMON_BLOCKS = YES;
				GCC_WARN_64_TO_32_BIT_CONVERSION = YES;
				GCC_WARN_ABOUT_RETURN_TYPE = YES_ERROR;
				GCC_WARN_UNDECLARED_SELECTOR = YES;
				GCC_WARN_UNINITIALIZED_AUTOS = YES_AGGRESSIVE;
				GCC_WARN_UNUSED_FUNCTION = YES;
				GCC_WARN_UNUSED_VARIABLE = YES;
				IPHONEOS_DEPLOYMENT_TARGET = 15.5;
				MTL_ENABLE_DEBUG_INFO = NO;
				MTL_FAST_MATH = YES;
				SDKROOT = iphoneos;
				SWIFT_COMPILATION_MODE = wholemodule;
				SWIFT_OPTIMIZATION_LEVEL = "-O";
				VALIDATE_PRODUCT = YES;
			};
			name = Release;
		};
		5F2974BD28FD397800AAB9DE /* Debug */ = {
			isa = XCBuildConfiguration;
			buildSettings = {
				ASSETCATALOG_COMPILER_APPICON_NAME = AppIcon;
				ASSETCATALOG_COMPILER_GLOBAL_ACCENT_COLOR_NAME = AccentColor;
				CODE_SIGN_STYLE = Automatic;
				CURRENT_PROJECT_VERSION = 1;
				DEVELOPMENT_ASSET_PATHS = "\"OdaClone/Preview Content\"";
				ENABLE_PREVIEWS = YES;
				GENERATE_INFOPLIST_FILE = YES;
				INFOPLIST_KEY_UIApplicationSceneManifest_Generation = YES;
				INFOPLIST_KEY_UIApplicationSupportsIndirectInputEvents = YES;
				INFOPLIST_KEY_UILaunchScreen_Generation = YES;
				INFOPLIST_KEY_UISupportedInterfaceOrientations_iPad = "UIInterfaceOrientationPortrait UIInterfaceOrientationPortraitUpsideDown UIInterfaceOrientationLandscapeLeft UIInterfaceOrientationLandscapeRight";
				INFOPLIST_KEY_UISupportedInterfaceOrientations_iPhone = "UIInterfaceOrientationPortrait UIInterfaceOrientationLandscapeLeft UIInterfaceOrientationLandscapeRight";
				LD_RUNPATH_SEARCH_PATHS = (
					"$(inherited)",
					"@executable_path/Frameworks",
				);
				MARKETING_VERSION = 1.0;
				PRODUCT_BUNDLE_IDENTIFIER = "Button-Studios.OdaClone";
				PRODUCT_NAME = "$(TARGET_NAME)";
				SWIFT_EMIT_LOC_STRINGS = YES;
				SWIFT_VERSION = 5.0;
				TARGETED_DEVICE_FAMILY = "1,2";
			};
			name = Debug;
		};
		5F2974BE28FD397800AAB9DE /* Release */ = {
			isa = XCBuildConfiguration;
			buildSettings = {
				ASSETCATALOG_COMPILER_APPICON_NAME = AppIcon;
				ASSETCATALOG_COMPILER_GLOBAL_ACCENT_COLOR_NAME = AccentColor;
				CODE_SIGN_STYLE = Automatic;
				CURRENT_PROJECT_VERSION = 1;
				DEVELOPMENT_ASSET_PATHS = "\"OdaClone/Preview Content\"";
				ENABLE_PREVIEWS = YES;
				GENERATE_INFOPLIST_FILE = YES;
				INFOPLIST_KEY_UIApplicationSceneManifest_Generation = YES;
				INFOPLIST_KEY_UIApplicationSupportsIndirectInputEvents = YES;
				INFOPLIST_KEY_UILaunchScreen_Generation = YES;
				INFOPLIST_KEY_UISupportedInterfaceOrientations_iPad = "UIInterfaceOrientationPortrait UIInterfaceOrientationPortraitUpsideDown UIInterfaceOrientationLandscapeLeft UIInterfaceOrientationLandscapeRight";
				INFOPLIST_KEY_UISupportedInterfaceOrientations_iPhone = "UIInterfaceOrientationPortrait UIInterfaceOrientationLandscapeLeft UIInterfaceOrientationLandscapeRight";
				LD_RUNPATH_SEARCH_PATHS = (
					"$(inherited)",
					"@executable_path/Frameworks",
				);
				MARKETING_VERSION = 1.0;
				PRODUCT_BUNDLE_IDENTIFIER = "Button-Studios.OdaClone";
				PRODUCT_NAME = "$(TARGET_NAME)";
				SWIFT_EMIT_LOC_STRINGS = YES;
				SWIFT_VERSION = 5.0;
				TARGETED_DEVICE_FAMILY = "1,2";
			};
			name = Release;
		};
/* End XCBuildConfiguration section */

/* Begin XCConfigurationList section */
		5F2974A928FD397600AAB9DE /* Build configuration list for PBXProject "OdaClone" */ = {
			isa = XCConfigurationList;
			buildConfigurations = (
				5F2974BA28FD397800AAB9DE /* Debug */,
				5F2974BB28FD397800AAB9DE /* Release */,
			);
			defaultConfigurationIsVisible = 0;
			defaultConfigurationName = Release;
		};
		5F2974BC28FD397800AAB9DE /* Build configuration list for PBXNativeTarget "OdaClone" */ = {
			isa = XCConfigurationList;
			buildConfigurations = (
				5F2974BD28FD397800AAB9DE /* Debug */,
				5F2974BE28FD397800AAB9DE /* Release */,
			);
			defaultConfigurationIsVisible = 0;
			defaultConfigurationName = Release;
		};
/* End XCConfigurationList section */
	};
	rootObject = 5F2974A628FD397600AAB9DE /* Project object */;
}
